
Microsoft Visual Studio Solution File, Format Version 12.00
# Visual Studio Version 17
VisualStudioVersion = 17.5.33414.496
MinimumVisualStudioVersion = 10.0.40219.1
Project("{FAE04EC0-301F-11D3-BF4B-00C04F79EFBC}") = "MatrixOfButtons", "MatrixOfButtons\MatrixOfButtons.csproj", "{2CCF396D-7FF1-4864-AABC-3D9E7A4D82F4}"
EndProject
Global
	GlobalSection(SolutionConfigurationPlatforms) = preSolution
		Debug|Any CPU = Debug|Any CPU
		Release|Any CPU = Release|Any CPU
	EndGlobalSection
	GlobalSection(ProjectConfigurationPlatforms) = postSolution
		{2CCF396D-7FF1-4864-AABC-3D9E7A4D82F4}.Debug|Any CPU.ActiveCfg = Debug|Any CPU
		{2CCF396D-7FF1-4864-AABC-3D9E7A4D82F4}.Debug|Any CPU.Build.0 = Debug|Any CPU
		{2CCF396D-7FF1-4864-AABC-3D9E7A4D82F4}.Release|Any CPU.ActiveCfg = Release|Any CPU
		{2CCF396D-7FF1-4864-AABC-3D9E7A4D82F4}.Release|Any CPU.Build.0 = Release|Any CPU
	EndGlobalSection
	GlobalSection(SolutionProperties) = preSolution
		HideSolutionNode = FALSE
	EndGlobalSection
	GlobalSection(ExtensibilityGlobals) = postSolution
		SolutionGuid = {46ED775A-924E-4CF2-A568-368E0269B230}
	EndGlobalSection
EndGlobal
